// !$*UTF8*$!
{
	archiveVersion = 1;
	classes = {
	};
	objectVersion = 77;
	objects = {

/* Begin PBXContainerItemProxy section */
		68C7F34F2EE92BEE001D8C20 /* PBXContainerItemProxy */ = {
			isa = PBXContainerItemProxy;
			containerPortal = 68C7F3392EE92BEC001D8C20 /* Project object */;
			proxyType = 1;
			remoteGlobalIDString = 68C7F3402EE92BEC001D8C20;
			remoteInfo = reflections;
		};
		68C7F3592EE92BEE001D8C20 /* PBXContainerItemProxy */ = {
			isa = PBXContainerItemProxy;
			containerPortal = 68C7F3392EE92BEC001D8C20 /* Project object */;
			proxyType = 1;
			remoteGlobalIDString = 68C7F3402EE92BEC001D8C20;
			remoteInfo = reflections;
		};
/* End PBXContainerItemProxy section */

/* Begin PBXFileReference section */
		68C7F3412EE92BEC001D8C20 /* reflections.app */ = {isa = PBXFileReference; explicitFileType = wrapper.application; includeInIndex = 0; path = reflections.app; sourceTree = BUILT_PRODUCTS_DIR; };
		68C7F34E2EE92BEE001D8C20 /* reflectionsTests.xctest */ = {isa = PBXFileReference; explicitFileType = wrapper.cfbundle; includeInIndex = 0; path = reflectionsTests.xctest; sourceTree = BUILT_PRODUCTS_DIR; };
		68C7F3582EE92BEE001D8C20 /* reflectionsUITests.xctest */ = {isa = PBXFileReference; explicitFileType = wrapper.cfbundle; includeInIndex = 0; path = reflectionsUITests.xctest; sourceTree = BUILT_PRODUCTS_DIR; };
/* End PBXFileReference section */

/* Begin PBXFileSystemSynchronizedRootGroup section */
		68C7F3432EE92BEC001D8C20 /* reflections */ = {
			isa = PBXFileSystemSynchronizedRootGroup;
			path = reflections;
			sourceTree = "<group>";
		};
		68C7F3512EE92BEE001D8C20 /* reflectionsTests */ = {
			isa = PBXFileSystemSynchronizedRootGroup;
			path = reflectionsTests;
			sourceTree = "<group>";
		};
		68C7F35B2EE92BEE001D8C20 /* reflectionsUITests */ = {
			isa = PBXFileSystemSynchronizedRootGroup;
			path = reflectionsUITests;
			sourceTree = "<group>";
		};
/* End PBXFileSystemSynchronizedRootGroup section */

/* Begin PBXFrameworksBuildPhase section */
		68C7F33E2EE92BEC001D8C20 /* Frameworks */ = {
			isa = PBXFrameworksBuildPhase;
			buildActionMask = 2147483647;
			files = (
			);
			runOnlyForDeploymentPostprocessing = 0;
		};
		68C7F34B2EE92BEE001D8C20 /* Frameworks */ = {
			isa = PBXFrameworksBuildPhase;
			buildActionMask = 2147483647;
			files = (
			);
			runOnlyForDeploymentPostprocessing = 0;
		};
		68C7F3552EE92BEE001D8C20 /* Frameworks */ = {
			isa = PBXFrameworksBuildPhase;
			buildActionMask = 2147483647;
			files = (
			);
			runOnlyForDeploymentPostprocessing = 0;
		};
/* End PBXFrameworksBuildPhase section */

/* Begin PBXGroup section */
		68C7F3382EE92BEC001D8C20 = {
			isa = PBXGroup;
			children = (
				68C7F3432EE92BEC001D8C20 /* reflections */,
				68C7F3512EE92BEE001D8C20 /* reflectionsTests */,
				68C7F35B2EE92BEE001D8C20 /* reflectionsUITests */,
				68C7F3422EE92BEC001D8C20 /* Products */,
			);
			sourceTree = "<group>";
		};
		68C7F3422EE92BEC001D8C20 /* Products */ = {
			isa = PBXGroup;
			children = (
				68C7F3412EE92BEC001D8C20 /* reflections.app */,
				68C7F34E2EE92BEE001D8C20 /* reflectionsTests.xctest */,
				68C7F3582EE92BEE001D8C20 /* reflectionsUITests.xctest */,
			);
			name = Products;
			sourceTree = "<group>";
		};
/* End PBXGroup section */

/* Begin PBXNativeTarget section */
		68C7F3402EE92BEC001D8C20 /* reflections */ = {
			isa = PBXNativeTarget;
			buildConfigurationList = 68C7F3622EE92BEE001D8C20 /* Build configuration list for PBXNativeTarget "reflections" */;
			buildPhases = (
				68C7F33D2EE92BEC001D8C20 /* Sources */,
				68C7F33E2EE92BEC001D8C20 /* Frameworks */,
				68C7F33F2EE92BEC001D8C20 /* Resources */,
			);
			buildRules = (
			);
			dependencies = (
			);
			fileSystemSynchronizedGroups = (
				68C7F3432EE92BEC001D8C20 /* reflections */,
			);
			name = reflections;
			packageProductDependencies = (
			);
			productName = reflections;
			productReference = 68C7F3412EE92BEC001D8C20 /* reflections.app */;
			productType = "com.apple.product-type.application";
		};
		68C7F34D2EE92BEE001D8C20 /* reflectionsTests */ = {
			isa = PBXNativeTarget;
			buildConfigurationList = 68C7F3652EE92BEE001D8C20 /* Build configuration list for PBXNativeTarget "reflectionsTests" */;
			buildPhases = (
				68C7F34A2EE92BEE001D8C20 /* Sources */,
				68C7F34B2EE92BEE001D8C20 /* Frameworks */,
				68C7F34C2EE92BEE001D8C20 /* Resources */,
			);
			buildRules = (
			);
			dependencies = (
				68C7F3502EE92BEE001D8C20 /* PBXTargetDependency */,
			);
			fileSystemSynchronizedGroups = (
				68C7F3512EE92BEE001D8C20 /* reflectionsTests */,
			);
			name = reflectionsTests;
			packageProductDependencies = (
			);
			productName = reflectionsTests;
			productReference = 68C7F34E2EE92BEE001D8C20 /* reflectionsTests.xctest */;
			productType = "com.apple.product-type.bundle.unit-test";
		};
		68C7F3572EE92BEE001D8C20 /* reflectionsUITests */ = {
			isa = PBXNativeTarget;
			buildConfigurationList = 68C7F3682EE92BEE001D8C20 /* Build configuration list for PBXNativeTarget "reflectionsUITests" */;
			buildPhases = (
				68C7F3542EE92BEE001D8C20 /* Sources */,
				68C7F3552EE92BEE001D8C20 /* Frameworks */,
				68C7F3562EE92BEE001D8C20 /* Resources */,
			);
			buildRules = (
			);
			dependencies = (
				68C7F35A2EE92BEE001D8C20 /* PBXTargetDependency */,
			);
			fileSystemSynchronizedGroups = (
				68C7F35B2EE92BEE001D8C20 /* reflectionsUITests */,
			);
			name = reflectionsUITests;
			packageProductDependencies = (
			);
			productName = reflectionsUITests;
			productReference = 68C7F3582EE92BEE001D8C20 /* reflectionsUITests.xctest */;
			productType = "com.apple.product-type.bundle.ui-testing";
		};
/* End PBXNativeTarget section */

/* Begin PBXProject section */
		68C7F3392EE92BEC001D8C20 /* Project object */ = {
			isa = PBXProject;
			attributes = {
				BuildIndependentTargetsInParallel = 1;
				LastSwiftUpdateCheck = 1630;
				LastUpgradeCheck = 1630;
				TargetAttributes = {
					68C7F3402EE92BEC001D8C20 = {
						CreatedOnToolsVersion = 16.3;
					};
					68C7F34D2EE92BEE001D8C20 = {
						CreatedOnToolsVersion = 16.3;
						TestTargetID = 68C7F3402EE92BEC001D8C20;
					};
					68C7F3572EE92BEE001D8C20 = {
						CreatedOnToolsVersion = 16.3;
						TestTargetID = 68C7F3402EE92BEC001D8C20;
					};
				};
			};
			buildConfigurationList = 68C7F33C2EE92BEC001D8C20 /* Build configuration list for PBXProject "reflections" */;
			developmentRegion = en;
			hasScannedForEncodings = 0;
			knownRegions = (
				en,
				Base,
			);
			mainGroup = 68C7F3382EE92BEC001D8C20;
			minimizedProjectReferenceProxies = 1;
			preferredProjectObjectVersion = 77;
			productRefGroup = 68C7F3422EE92BEC001D8C20 /* Products */;
			projectDirPath = "";
			projectRoot = "";
			targets = (
				68C7F3402EE92BEC001D8C20 /* reflections */,
				68C7F34D2EE92BEE001D8C20 /* reflectionsTests */,
				68C7F3572EE92BEE001D8C20 /* reflectionsUITests */,
			);
		};
/* End PBXProject section */

/* Begin PBXResourcesBuildPhase section */
		68C7F33F2EE92BEC001D8C20 /* Resources */ = {
			isa = PBXResourcesBuildPhase;
			buildActionMask = 2147483647;
			files = (
			);
			runOnlyForDeploymentPostprocessing = 0;
		};
		68C7F34C2EE92BEE001D8C20 /* Resources */ = {
			isa = PBXResourcesBuildPhase;
			buildActionMask = 2147483647;
			files = (
			);
			runOnlyForDeploymentPostprocessing = 0;
		};
		68C7F3562EE92BEE001D8C20 /* Resources */ = {
			isa = PBXResourcesBuildPhase;
			buildActionMask = 2147483647;
			files = (
			);
			runOnlyForDeploymentPostprocessing = 0;
		};
/* End PBXResourcesBuildPhase section */

/* Begin PBXSourcesBuildPhase section */
		68C7F33D2EE92BEC001D8C20 /* Sources */ = {
			isa = PBXSourcesBuildPhase;
			buildActionMask = 2147483647;
			files = (
			);
			runOnlyForDeploymentPostprocessing = 0;
		};
		68C7F34A2EE92BEE001D8C20 /* Sources */ = {
			isa = PBXSourcesBuildPhase;
			buildActionMask = 2147483647;
			files = (
			);
			runOnlyForDeploymentPostprocessing = 0;
		};
		68C7F3542EE92BEE001D8C20 /* Sources */ = {
			isa = PBXSourcesBuildPhase;
			buildActionMask = 2147483647;
			files = (
			);
			runOnlyForDeploymentPostprocessing = 0;
		};
/* End PBXSourcesBuildPhase section */

/* Begin PBXTargetDependency section */
		68C7F3502EE92BEE001D8C20 /* PBXTargetDependency */ = {
			isa = PBXTargetDependency;
			target = 68C7F3402EE92BEC001D8C20 /* reflections */;
			targetProxy = 68C7F34F2EE92BEE001D8C20 /* PBXContainerItemProxy */;
		};
		68C7F35A2EE92BEE001D8C20 /* PBXTargetDependency */ = {
			isa = PBXTargetDependency;
			target = 68C7F3402EE92BEC001D8C20 /* reflections */;
			targetProxy = 68C7F3592EE92BEE001D8C20 /* PBXContainerItemProxy */;
		};
/* End PBXTargetDependency section */

/* Begin XCBuildConfiguration section */
		68C7F3602EE92BEE001D8C20 /* Debug */ = {
			isa = XCBuildConfiguration;
			buildSettings = {
				ALWAYS_SEARCH_USER_PATHS = NO;
				ASSETCATALOG_COMPILER_GENERATE_SWIFT_ASSET_SYMBOL_EXTENSIONS = YES;
				CLANG_ANALYZER_NONNULL = YES;
				CLANG_ANALYZER_NUMBER_OBJECT_CONVERSION = YES_AGGRESSIVE;
				CLANG_CXX_LANGUAGE_STANDARD = "gnu++20";
				CLANG_ENABLE_MODULES = YES;
				CLANG_ENABLE_OBJC_ARC = YES;
				CLANG_ENABLE_OBJC_WEAK = YES;
				CLANG_WARN_BLOCK_CAPTURE_AUTORELEASING = YES;
				CLANG_WARN_BOOL_CONVERSION = YES;
				CLANG_WARN_COMMA = YES;
				CLANG_WARN_CONSTANT_CONVERSION = YES;
				CLANG_WARN_DEPRECATED_OBJC_IMPLEMENTATIONS = YES;
				CLANG_WARN_DIRECT_OBJC_ISA_USAGE = YES_ERROR;
				CLANG_WARN_DOCUMENTATION_COMMENTS = YES;
				CLANG_WARN_EMPTY_BODY = YES;
				CLANG_WARN_ENUM_CONVERSION = YES;
				CLANG_WARN_INFINITE_RECURSION = YES;
				CLANG_WARN_INT_CONVERSION = YES;
				CLANG_WARN_NON_LITERAL_NULL_CONVERSION = YES;
				CLANG_WARN_OBJC_IMPLICIT_RETAIN_SELF = YES;
				CLANG_WARN_OBJC_LITERAL_CONVERSION = YES;
				CLANG_WARN_OBJC_ROOT_CLASS = YES_ERROR;
				CLANG_WARN_QUOTED_INCLUDE_IN_FRAMEWORK_HEADER = YES;
				CLANG_WARN_RANGE_LOOP_ANALYSIS = YES;
				CLANG_WARN_STRICT_PROTOTYPES = YES;
				CLANG_WARN_SUSPICIOUS_MOVE = YES;
				CLANG_WARN_UNGUARDED_AVAILABILITY = YES_AGGRESSIVE;
				CLANG_WARN_UNREACHABLE_CODE = YES;
				CLANG_WARN__DUPLICATE_METHOD_MATCH = YES;
				COPY_PHASE_STRIP = NO;
				DEBUG_INFORMATION_FORMAT = dwarf;
				DEVELOPMENT_TEAM = 2G283535WD;
				ENABLE_STRICT_OBJC_MSGSEND = YES;
				ENABLE_TESTABILITY = YES;
				ENABLE_USER_SCRIPT_SANDBOXING = YES;
				GCC_C_LANGUAGE_STANDARD = gnu17;
				GCC_DYNAMIC_NO_PIC = NO;
				GCC_NO_COMMON_BLOCKS = YES;
				GCC_OPTIMIZATION_LEVEL = 0;
				GCC_PREPROCESSOR_DEFINITIONS = (
					"DEBUG=1",
					"$(inherited)",
				);
				GCC_WARN_64_TO_32_BIT_CONVERSION = YES;
				GCC_WARN_ABOUT_RETURN_TYPE = YES_ERROR;
				GCC_WARN_UNDECLARED_SELECTOR = YES;
				GCC_WARN_UNINITIALIZED_AUTOS = YES_AGGRESSIVE;
				GCC_WARN_UNUSED_FUNCTION = YES;
				GCC_WARN_UNUSED_VARIABLE = YES;
				IPHONEOS_DEPLOYMENT_TARGET = 18.4;
				LOCALIZATION_PREFERS_STRING_CATALOGS = YES;
				MTL_ENABLE_DEBUG_INFO = INCLUDE_SOURCE;
				MTL_FAST_MATH = YES;
				ONLY_ACTIVE_ARCH = YES;
				SDKROOT = iphoneos;
				SWIFT_ACTIVE_COMPILATION_CONDITIONS = "DEBUG $(inherited)";
				SWIFT_OPTIMIZATION_LEVEL = "-Onone";
			};
			name = Debug;
		};
		68C7F3612EE92BEE001D8C20 /* Release */ = {
			isa = XCBuildConfiguration;
			buildSettings = {
				ALWAYS_SEARCH_USER_PATHS = NO;
				ASSETCATALOG_COMPILER_GENERATE_SWIFT_ASSET_SYMBOL_EXTENSIONS = YES;
				CLANG_ANALYZER_NONNULL = YES;
				CLANG_ANALYZER_NUMBER_OBJECT_CONVERSION = YES_AGGRESSIVE;
				CLANG_CXX_LANGUAGE_STANDARD = "gnu++20";
				CLANG_ENABLE_MODULES = YES;
				CLANG_ENABLE_OBJC_ARC = YES;
				CLANG_ENABLE_OBJC_WEAK = YES;
				CLANG_WARN_BLOCK_CAPTURE_AUTORELEASING = YES;
				CLANG_WARN_BOOL_CONVERSION = YES;
				CLANG_WARN_COMMA = YES;
				CLANG_WARN_CONSTANT_CONVERSION = YES;
				CLANG_WARN_DEPRECATED_OBJC_IMPLEMENTATIONS = YES;
				CLANG_WARN_DIRECT_OBJC_ISA_USAGE = YES_ERROR;
				CLANG_WARN_DOCUMENTATION_COMMENTS = YES;
				CLANG_WARN_EMPTY_BODY = YES;
				CLANG_WARN_ENUM_CONVERSION = YES;
				CLANG_WARN_INFINITE_RECURSION = YES;
				CLANG_WARN_INT_CONVERSION = YES;
				CLANG_WARN_NON_LITERAL_NULL_CONVERSION = YES;
				CLANG_WARN_OBJC_IMPLICIT_RETAIN_SELF = YES;
				CLANG_WARN_OBJC_LITERAL_CONVERSION = YES;
				CLANG_WARN_OBJC_ROOT_CLASS = YES_ERROR;
				CLANG_WARN_QUOTED_INCLUDE_IN_FRAMEWORK_HEADER = YES;
				CLANG_WARN_RANGE_LOOP_ANALYSIS = YES;
				CLANG_WARN_STRICT_PROTOTYPES = YES;
				CLANG_WARN_SUSPICIOUS_MOVE = YES;
				CLANG_WARN_UNGUARDED_AVAILABILITY = YES_AGGRESSIVE;
				CLANG_WARN_UNREACHABLE_CODE = YES;
				CLANG_WARN__DUPLICATE_METHOD_MATCH = YES;
				COPY_PHASE_STRIP = NO;
				DEBUG_INFORMATION_FORMAT = "dwarf-with-dsym";
				DEVELOPMENT_TEAM = 2G283535WD;
				ENABLE_NS_ASSERTIONS = NO;
				ENABLE_STRICT_OBJC_MSGSEND = YES;
				ENABLE_USER_SCRIPT_SANDBOXING = YES;
				GCC_C_LANGUAGE_STANDARD = gnu17;
				GCC_NO_COMMON_BLOCKS = YES;
				GCC_WARN_64_TO_32_BIT_CONVERSION = YES;
				GCC_WARN_ABOUT_RETURN_TYPE = YES_ERROR;
				GCC_WARN_UNDECLARED_SELECTOR = YES;
				GCC_WARN_UNINITIALIZED_AUTOS = YES_AGGRESSIVE;
				GCC_WARN_UNUSED_FUNCTION = YES;
				GCC_WARN_UNUSED_VARIABLE = YES;
				IPHONEOS_DEPLOYMENT_TARGET = 18.4;
				LOCALIZATION_PREFERS_STRING_CATALOGS = YES;
				MTL_ENABLE_DEBUG_INFO = NO;
				MTL_FAST_MATH = YES;
				SDKROOT = iphoneos;
				SWIFT_COMPILATION_MODE = wholemodule;
				VALIDATE_PRODUCT = YES;
			};
			name = Release;
		};
		68C7F3632EE92BEE001D8C20 /* Debug */ = {
			isa = XCBuildConfiguration;
			buildSettings = {
				ASSETCATALOG_COMPILER_APPICON_NAME = AppIcon;
				ASSETCATALOG_COMPILER_GLOBAL_ACCENT_COLOR_NAME = AccentColor;
				CODE_SIGN_STYLE = Automatic;
				CURRENT_PROJECT_VERSION = 1;
				DEVELOPMENT_TEAM = 2G283535WD;
				ENABLE_PREVIEWS = YES;
				GENERATE_INFOPLIST_FILE = YES;
				INFOPLIST_KEY_UIApplicationSceneManifest_Generation = YES;
				INFOPLIST_KEY_UIApplicationSupportsIndirectInputEvents = YES;
				INFOPLIST_KEY_UILaunchScreen_Generation = YES;
				INFOPLIST_KEY_UISupportedInterfaceOrientations_iPad = "UIInterfaceOrientationPortrait UIInterfaceOrientationPortraitUpsideDown UIInterfaceOrientationLandscapeLeft UIInterfaceOrientationLandscapeRight";
				INFOPLIST_KEY_UISupportedInterfaceOrientations_iPhone = "UIInterfaceOrientationPortrait UIInterfaceOrientationLandscapeLeft UIInterfaceOrientationLandscapeRight";
				LD_RUNPATH_SEARCH_PATHS = (
					"$(inherited)",
					"@executable_path/Frameworks",
				);
				MARKETING_VERSION = 1.0;
				PRODUCT_BUNDLE_IDENTIFIER = MAC221.reflections;
				PRODUCT_NAME = "$(TARGET_NAME)";
				SWIFT_EMIT_LOC_STRINGS = YES;
				SWIFT_VERSION = 5.0;
				TARGETED_DEVICE_FAMILY = "1,2";
			};
			name = Debug;
		};
		68C7F3642EE92BEE001D8C20 /* Release */ = {
			isa = XCBuildConfiguration;
			buildSettings = {
				ASSETCATALOG_COMPILER_APPICON_NAME = AppIcon;
				ASSETCATALOG_COMPILER_GLOBAL_ACCENT_COLOR_NAME = AccentColor;
				CODE_SIGN_STYLE = Automatic;
				CURRENT_PROJECT_VERSION = 1;
				DEVELOPMENT_TEAM = 2G283535WD;
				ENABLE_PREVIEWS = YES;
				GENERATE_INFOPLIST_FILE = YES;
				INFOPLIST_KEY_UIApplicationSceneManifest_Generation = YES;
				INFOPLIST_KEY_UIApplicationSupportsIndirectInputEvents = YES;
				INFOPLIST_KEY_UILaunchScreen_Generation = YES;
				INFOPLIST_KEY_UISupportedInterfaceOrientations_iPad = "UIInterfaceOrientationPortrait UIInterfaceOrientationPortraitUpsideDown UIInterfaceOrientationLandscapeLeft UIInterfaceOrientationLandscapeRight";
				INFOPLIST_KEY_UISupportedInterfaceOrientations_iPhone = "UIInterfaceOrientationPortrait UIInterfaceOrientationLandscapeLeft UIInterfaceOrientationLandscapeRight";
				LD_RUNPATH_SEARCH_PATHS = (
					"$(inherited)",
					"@executable_path/Frameworks",
				);
				MARKETING_VERSION = 1.0;
				PRODUCT_BUNDLE_IDENTIFIER = MAC221.reflections;
				PRODUCT_NAME = "$(TARGET_NAME)";
				SWIFT_EMIT_LOC_STRINGS = YES;
				SWIFT_VERSION = 5.0;
				TARGETED_DEVICE_FAMILY = "1,2";
			};
			name = Release;
		};
		68C7F3662EE92BEE001D8C20 /* Debug */ = {
			isa = XCBuildConfiguration;
			buildSettings = {
				BUNDLE_LOADER = "$(TEST_HOST)";
				CODE_SIGN_STYLE = Automatic;
				CURRENT_PROJECT_VERSION = 1;
				DEVELOPMENT_TEAM = 2G283535WD;
				GENERATE_INFOPLIST_FILE = YES;
				IPHONEOS_DEPLOYMENT_TARGET = 18.4;
				MARKETING_VERSION = 1.0;
				PRODUCT_BUNDLE_IDENTIFIER = MAC221.reflectionsTests;
				PRODUCT_NAME = "$(TARGET_NAME)";
				SWIFT_EMIT_LOC_STRINGS = NO;
				SWIFT_VERSION = 5.0;
				TARGETED_DEVICE_FAMILY = "1,2";
				TEST_HOST = "$(BUILT_PRODUCTS_DIR)/reflections.app/$(BUNDLE_EXECUTABLE_FOLDER_PATH)/reflections";
			};
			name = Debug;
		};
		68C7F3672EE92BEE001D8C20 /* Release */ = {
			isa = XCBuildConfiguration;
			buildSettings = {
				BUNDLE_LOADER = "$(TEST_HOST)";
				CODE_SIGN_STYLE = Automatic;
				CURRENT_PROJECT_VERSION = 1;
				DEVELOPMENT_TEAM = 2G283535WD;
				GENERATE_INFOPLIST_FILE = YES;
				IPHONEOS_DEPLOYMENT_TARGET = 18.4;
				MARKETING_VERSION = 1.0;
				PRODUCT_BUNDLE_IDENTIFIER = MAC221.reflectionsTests;
				PRODUCT_NAME = "$(TARGET_NAME)";
				SWIFT_EMIT_LOC_STRINGS = NO;
				SWIFT_VERSION = 5.0;
				TARGETED_DEVICE_FAMILY = "1,2";
				TEST_HOST = "$(BUILT_PRODUCTS_DIR)/reflections.app/$(BUNDLE_EXECUTABLE_FOLDER_PATH)/reflections";
			};
			name = Release;
		};
		68C7F3692EE92BEE001D8C20 /* Debug */ = {
			isa = XCBuildConfiguration;
			buildSettings = {
				CODE_SIGN_STYLE = Automatic;
				CURRENT_PROJECT_VERSION = 1;
				DEVELOPMENT_TEAM = 2G283535WD;
				GENERATE_INFOPLIST_FILE = YES;
				MARKETING_VERSION = 1.0;
				PRODUCT_BUNDLE_IDENTIFIER = MAC221.reflectionsUITests;
				PRODUCT_NAME = "$(TARGET_NAME)";
				SWIFT_EMIT_LOC_STRINGS = NO;
				SWIFT_VERSION = 5.0;
				TARGETED_DEVICE_FAMILY = "1,2";
				TEST_TARGET_NAME = reflections;
			};
			name = Debug;
		};
		68C7F36A2EE92BEE001D8C20 /* Release */ = {
			isa = XCBuildConfiguration;
			buildSettings = {
				CODE_SIGN_STYLE = Automatic;
				CURRENT_PROJECT_VERSION = 1;
				DEVELOPMENT_TEAM = 2G283535WD;
				GENERATE_INFOPLIST_FILE = YES;
				MARKETING_VERSION = 1.0;
				PRODUCT_BUNDLE_IDENTIFIER = MAC221.reflectionsUITests;
				PRODUCT_NAME = "$(TARGET_NAME)";
				SWIFT_EMIT_LOC_STRINGS = NO;
				SWIFT_VERSION = 5.0;
				TARGETED_DEVICE_FAMILY = "1,2";
				TEST_TARGET_NAME = reflections;
			};
			name = Release;
		};
/* End XCBuildConfiguration section */

/* Begin XCConfigurationList section */
		68C7F33C2EE92BEC001D8C20 /* Build configuration list for PBXProject "reflections" */ = {
			isa = XCConfigurationList;
			buildConfigurations = (
				68C7F3602EE92BEE001D8C20 /* Debug */,
				68C7F3612EE92BEE001D8C20 /* Release */,
			);
			defaultConfigurationIsVisible = 0;
			defaultConfigurationName = Release;
		};
		68C7F3622EE92BEE001D8C20 /* Build configuration list for PBXNativeTarget "reflections" */ = {
			isa = XCConfigurationList;
			buildConfigurations = (
				68C7F3632EE92BEE001D8C20 /* Debug */,
				68C7F3642EE92BEE001D8C20 /* Release */,
			);
			defaultConfigurationIsVisible = 0;
			defaultConfigurationName = Release;
		};
		68C7F3652EE92BEE001D8C20 /* Build configuration list for PBXNativeTarget "reflectionsTests" */ = {
			isa = XCConfigurationList;
			buildConfigurations = (
				68C7F3662EE92BEE001D8C20 /* Debug */,
				68C7F3672EE92BEE001D8C20 /* Release */,
			);
			defaultConfigurationIsVisible = 0;
			defaultConfigurationName = Release;
		};
		68C7F3682EE92BEE001D8C20 /* Build configuration list for PBXNativeTarget "reflectionsUITests" */ = {
			isa = XCConfigurationList;
			buildConfigurations = (
				68C7F3692EE92BEE001D8C20 /* Debug */,
				68C7F36A2EE92BEE001D8C20 /* Release */,
			);
			defaultConfigurationIsVisible = 0;
			defaultConfigurationName = Release;
		};
/* End XCConfigurationList section */
	};
	rootObject = 68C7F3392EE92BEC001D8C20 /* Project object */;
}
